
Microsoft Visual Studio Solution File, Format Version 12.00
# Visual Studio Version 17
VisualStudioVersion = 17.4.33205.214
MinimumVisualStudioVersion = 10.0.40219.1
Project("{8BC9CEB8-8B4A-11D0-8D11-00A0C91BC942}") = "RayTracing", "RayTracing\RayTracing.vcxproj", "{79CB6C07-67A7-4F82-8920-910CDBE222C7}"
EndProject
Global
	GlobalSection(SolutionConfigurationPlatforms) = preSolution
		Debug|x64 = Debug|x64
		Debug|x86 = Debug|x86
		Release|x64 = Release|x64
		Release|x86 = Release|x86
	EndGlobalSection
	GlobalSection(ProjectConfigurationPlatforms) = postSolution
		{79CB6C07-67A7-4F82-8920-910CDBE222C7}.Debug|x64.ActiveCfg = Debug|x64
		{79CB6C07-67A7-4F82-8920-910CDBE222C7}.Debug|x64.Build.0 = Debug|x64
		{79CB6C07-67A7-4F82-8920-910CDBE222C7}.Debug|x86.ActiveCfg = Debug|Win32
		{79CB6C07-67A7-4F82-8920-910CDBE222C7}.Debug|x86.Build.0 = Debug|Win32
		{79CB6C07-67A7-4F82-8920-910CDBE222C7}.Release|x64.ActiveCfg = Release|x64
		{79CB6C07-67A7-4F82-8920-910CDBE222C7}.Release|x64.Build.0 = Release|x64
		{79CB6C07-67A7-4F82-8920-910CDBE222C7}.Release|x86.ActiveCfg = Release|Win32
		{79CB6C07-67A7-4F82-8920-910CDBE222C7}.Release|x86.Build.0 = Release|Win32
	EndGlobalSection
	GlobalSection(SolutionProperties) = preSolution
		HideSolutionNode = FALSE
	EndGlobalSection
	GlobalSection(ExtensibilityGlobals) = postSolution
		SolutionGuid = {1D5537C2-F782-4C8B-9172-AE2E0516E6E4}
	EndGlobalSection
EndGlobal
